
Microsoft Visual Studio Solution File, Format Version 11.00
# Visual Studio 2010
Project("{FAE04EC0-301F-11D3-BF4B-00C04F79EFBC}") = "Assembly-CSharp-firstpass", "Assembly-CSharp-firstpass.csproj", "{6729E57C-19CB-27FA-F2C4-04F8A0E5FBC8}"
EndProject
Project("{FAE04EC0-301F-11D3-BF4B-00C04F79EFBC}") = "Assembly-CSharp", "Assembly-CSharp.csproj", "{DBA3FAAE-913F-2E7D-00F4-14B916E714A6}"
EndProject
Project("{FAE04EC0-301F-11D3-BF4B-00C04F79EFBC}") = "Assembly-CSharp-Editor-firstpass", "Assembly-CSharp-Editor-firstpass.csproj", "{91DAFB35-873C-9B2E-A6AE-638A9361F63F}"
EndProject
Project("{FAE04EC0-301F-11D3-BF4B-00C04F79EFBC}") = "Assembly-CSharp-Editor", "Assembly-CSharp-Editor.csproj", "{1A2657CE-9732-E3B0-C32E-9E67F2CFDE0D}"
EndProject
Global
	GlobalSection(SolutionConfigurationPlatforms) = preSolution
		Debug|Any CPU = Debug|Any CPU
		Release|Any CPU = Release|Any CPU
	EndGlobalSection
	GlobalSection(ProjectConfigurationPlatforms) = postSolution
		{6729E57C-19CB-27FA-F2C4-04F8A0E5FBC8}.Debug|Any CPU.ActiveCfg = Debug|Any CPU
		{6729E57C-19CB-27FA-F2C4-04F8A0E5FBC8}.Debug|Any CPU.Build.0 = Debug|Any CPU
		{6729E57C-19CB-27FA-F2C4-04F8A0E5FBC8}.Release|Any CPU.ActiveCfg = Release|Any CPU
		{6729E57C-19CB-27FA-F2C4-04F8A0E5FBC8}.Release|Any CPU.Build.0 = Release|Any CPU
		{DBA3FAAE-913F-2E7D-00F4-14B916E714A6}.Debug|Any CPU.ActiveCfg = Debug|Any CPU
		{DBA3FAAE-913F-2E7D-00F4-14B916E714A6}.Debug|Any CPU.Build.0 = Debug|Any CPU
		{DBA3FAAE-913F-2E7D-00F4-14B916E714A6}.Release|Any CPU.ActiveCfg = Release|Any CPU
		{DBA3FAAE-913F-2E7D-00F4-14B916E714A6}.Release|Any CPU.Build.0 = Release|Any CPU
		{91DAFB35-873C-9B2E-A6AE-638A9361F63F}.Debug|Any CPU.ActiveCfg = Debug|Any CPU
		{91DAFB35-873C-9B2E-A6AE-638A9361F63F}.Debug|Any CPU.Build.0 = Debug|Any CPU
		{91DAFB35-873C-9B2E-A6AE-638A9361F63F}.Release|Any CPU.ActiveCfg = Release|Any CPU
		{91DAFB35-873C-9B2E-A6AE-638A9361F63F}.Release|Any CPU.Build.0 = Release|Any CPU
		{1A2657CE-9732-E3B0-C32E-9E67F2CFDE0D}.Debug|Any CPU.ActiveCfg = Debug|Any CPU
		{1A2657CE-9732-E3B0-C32E-9E67F2CFDE0D}.Debug|Any CPU.Build.0 = Debug|Any CPU
		{1A2657CE-9732-E3B0-C32E-9E67F2CFDE0D}.Release|Any CPU.ActiveCfg = Release|Any CPU
		{1A2657CE-9732-E3B0-C32E-9E67F2CFDE0D}.Release|Any CPU.Build.0 = Release|Any CPU
	EndGlobalSection
	GlobalSection(SolutionProperties) = preSolution
		HideSolutionNode = FALSE
	EndGlobalSection
EndGlobal
